// !$*UTF8*$!
{
	archiveVersion = 1;
	classes = {
	};
	objectVersion = 50;
	objects = {

/* Begin PBXBuildFile section */
		6A4FF1D4215101B200268526 /* MoodTracker.xcdatamodeld in Sources */ = {isa = PBXBuildFile; fileRef = 6A4FF1D2215101B200268526 /* MoodTracker.xcdatamodeld */; };
		6AC1824B214FF7F50096A879 /* AppDelegate.swift in Sources */ = {isa = PBXBuildFile; fileRef = 6AC1824A214FF7F50096A879 /* AppDelegate.swift */; };
		6AC1824D214FF7F50096A879 /* ViewController.swift in Sources */ = {isa = PBXBuildFile; fileRef = 6AC1824C214FF7F50096A879 /* ViewController.swift */; };
		6AC18250214FF7F50096A879 /* Main.storyboard in Resources */ = {isa = PBXBuildFile; fileRef = 6AC1824E214FF7F50096A879 /* Main.storyboard */; };
		6AC18252214FF7F70096A879 /* Assets.xcassets in Resources */ = {isa = PBXBuildFile; fileRef = 6AC18251214FF7F70096A879 /* Assets.xcassets */; };
		6AC18255214FF7F70096A879 /* LaunchScreen.storyboard in Resources */ = {isa = PBXBuildFile; fileRef = 6AC18253214FF7F70096A879 /* LaunchScreen.storyboard */; };
		6AC18260214FF7F70096A879 /* MoodTrackerTests.swift in Sources */ = {isa = PBXBuildFile; fileRef = 6AC1825F214FF7F70096A879 /* MoodTrackerTests.swift */; };
		6AC1826B214FFA9B0096A879 /* MoodLogViewController.swift in Sources */ = {isa = PBXBuildFile; fileRef = 6AC1826A214FFA9B0096A879 /* MoodLogViewController.swift */; };
		6AC1826D214FFAAE0096A879 /* MoodLogTableViewCell.swift in Sources */ = {isa = PBXBuildFile; fileRef = 6AC1826C214FFAAE0096A879 /* MoodLogTableViewCell.swift */; };
		6AC18272214FFAFC0096A879 /* MoodsViewController.swift in Sources */ = {isa = PBXBuildFile; fileRef = 6AC18271214FFAFC0096A879 /* MoodsViewController.swift */; };
		6AC18274214FFB0F0096A879 /* MoodsCollectionViewCell.swift in Sources */ = {isa = PBXBuildFile; fileRef = 6AC18273214FFB0F0096A879 /* MoodsCollectionViewCell.swift */; };
		6AC18277215000740096A879 /* Mood.swift in Sources */ = {isa = PBXBuildFile; fileRef = 6AC18276215000740096A879 /* Mood.swift */; };
		6AC18279215002A10096A879 /* MoodLog.swift in Sources */ = {isa = PBXBuildFile; fileRef = 6AC18278215002A10096A879 /* MoodLog.swift */; };
/* End PBXBuildFile section */

/* Begin PBXContainerItemProxy section */
		6AC1825C214FF7F70096A879 /* PBXContainerItemProxy */ = {
			isa = PBXContainerItemProxy;
			containerPortal = 6AC1823F214FF7F50096A879 /* Project object */;
			proxyType = 1;
			remoteGlobalIDString = 6AC18246214FF7F50096A879;
			remoteInfo = MoodTracker;
		};
/* End PBXContainerItemProxy section */

/* Begin PBXFileReference section */
		6A4FF1D3215101B200268526 /* MoodTracker.xcdatamodel */ = {isa = PBXFileReference; lastKnownFileType = wrapper.xcdatamodel; path = MoodTracker.xcdatamodel; sourceTree = "<group>"; };
		6AC18247214FF7F50096A879 /* MoodTracker.app */ = {isa = PBXFileReference; explicitFileType = wrapper.application; includeInIndex = 0; path = MoodTracker.app; sourceTree = BUILT_PRODUCTS_DIR; };
		6AC1824A214FF7F50096A879 /* AppDelegate.swift */ = {isa = PBXFileReference; lastKnownFileType = sourcecode.swift; path = AppDelegate.swift; sourceTree = "<group>"; };
		6AC1824C214FF7F50096A879 /* ViewController.swift */ = {isa = PBXFileReference; lastKnownFileType = sourcecode.swift; path = ViewController.swift; sourceTree = "<group>"; };
		6AC1824F214FF7F50096A879 /* Base */ = {isa = PBXFileReference; lastKnownFileType = file.storyboard; name = Base; path = Base.lproj/Main.storyboard; sourceTree = "<group>"; };
		6AC18251214FF7F70096A879 /* Assets.xcassets */ = {isa = PBXFileReference; lastKnownFileType = folder.assetcatalog; path = Assets.xcassets; sourceTree = "<group>"; };
		6AC18254214FF7F70096A879 /* Base */ = {isa = PBXFileReference; lastKnownFileType = file.storyboard; name = Base; path = Base.lproj/LaunchScreen.storyboard; sourceTree = "<group>"; };
		6AC18256214FF7F70096A879 /* Info.plist */ = {isa = PBXFileReference; lastKnownFileType = text.plist.xml; path = Info.plist; sourceTree = "<group>"; };
		6AC1825B214FF7F70096A879 /* MoodTrackerTests.xctest */ = {isa = PBXFileReference; explicitFileType = wrapper.cfbundle; includeInIndex = 0; path = MoodTrackerTests.xctest; sourceTree = BUILT_PRODUCTS_DIR; };
		6AC1825F214FF7F70096A879 /* MoodTrackerTests.swift */ = {isa = PBXFileReference; lastKnownFileType = sourcecode.swift; path = MoodTrackerTests.swift; sourceTree = "<group>"; };
		6AC18261214FF7F70096A879 /* Info.plist */ = {isa = PBXFileReference; lastKnownFileType = text.plist.xml; path = Info.plist; sourceTree = "<group>"; };
		6AC1826A214FFA9B0096A879 /* MoodLogViewController.swift */ = {isa = PBXFileReference; lastKnownFileType = sourcecode.swift; path = MoodLogViewController.swift; sourceTree = "<group>"; };
		6AC1826C214FFAAE0096A879 /* MoodLogTableViewCell.swift */ = {isa = PBXFileReference; lastKnownFileType = sourcecode.swift; path = MoodLogTableViewCell.swift; sourceTree = "<group>"; };
		6AC18271214FFAFC0096A879 /* MoodsViewController.swift */ = {isa = PBXFileReference; lastKnownFileType = sourcecode.swift; path = MoodsViewController.swift; sourceTree = "<group>"; };
		6AC18273214FFB0F0096A879 /* MoodsCollectionViewCell.swift */ = {isa = PBXFileReference; lastKnownFileType = sourcecode.swift; path = MoodsCollectionViewCell.swift; sourceTree = "<group>"; };
		6AC18276215000740096A879 /* Mood.swift */ = {isa = PBXFileReference; lastKnownFileType = sourcecode.swift; path = Mood.swift; sourceTree = "<group>"; };
		6AC18278215002A10096A879 /* MoodLog.swift */ = {isa = PBXFileReference; lastKnownFileType = sourcecode.swift; path = MoodLog.swift; sourceTree = "<group>"; };
/* End PBXFileReference section */

/* Begin PBXFrameworksBuildPhase section */
		6AC18244214FF7F50096A879 /* Frameworks */ = {
			isa = PBXFrameworksBuildPhase;
			buildActionMask = 2147483647;
			files = (
			);
			runOnlyForDeploymentPostprocessing = 0;
		};
		6AC18258214FF7F70096A879 /* Frameworks */ = {
			isa = PBXFrameworksBuildPhase;
			buildActionMask = 2147483647;
			files = (
			);
			runOnlyForDeploymentPostprocessing = 0;
		};
/* End PBXFrameworksBuildPhase section */

/* Begin PBXGroup section */
		6AC1823E214FF7F50096A879 = {
			isa = PBXGroup;
			children = (
				6A4FF1D2215101B200268526 /* MoodTracker.xcdatamodeld */,
				6AC18249214FF7F50096A879 /* MoodTracker */,
				6AC1825E214FF7F70096A879 /* MoodTrackerTests */,
				6AC18248214FF7F50096A879 /* Products */,
			);
			sourceTree = "<group>";
		};
		6AC18248214FF7F50096A879 /* Products */ = {
			isa = PBXGroup;
			children = (
				6AC18247214FF7F50096A879 /* MoodTracker.app */,
				6AC1825B214FF7F70096A879 /* MoodTrackerTests.xctest */,
			);
			name = Products;
			sourceTree = "<group>";
		};
		6AC18249214FF7F50096A879 /* MoodTracker */ = {
			isa = PBXGroup;
			children = (
				6AC18275215000600096A879 /* Models */,
				6AC1826E214FFAB50096A879 /* ViewControllers */,
				6AC1824A214FF7F50096A879 /* AppDelegate.swift */,
				6AC1824C214FF7F50096A879 /* ViewController.swift */,
				6AC1824E214FF7F50096A879 /* Main.storyboard */,
				6AC18251214FF7F70096A879 /* Assets.xcassets */,
				6AC18253214FF7F70096A879 /* LaunchScreen.storyboard */,
				6AC18256214FF7F70096A879 /* Info.plist */,
			);
			path = MoodTracker;
			sourceTree = "<group>";
		};
		6AC1825E214FF7F70096A879 /* MoodTrackerTests */ = {
			isa = PBXGroup;
			children = (
				6AC1825F214FF7F70096A879 /* MoodTrackerTests.swift */,
				6AC18261214FF7F70096A879 /* Info.plist */,
			);
			path = MoodTrackerTests;
			sourceTree = "<group>";
		};
		6AC1826E214FFAB50096A879 /* ViewControllers */ = {
			isa = PBXGroup;
			children = (
				6AC18270214FFADA0096A879 /* Moods */,
				6AC1826F214FFAD00096A879 /* MoodLog */,
			);
			path = ViewControllers;
			sourceTree = "<group>";
		};
		6AC1826F214FFAD00096A879 /* MoodLog */ = {
			isa = PBXGroup;
			children = (
				6AC1826A214FFA9B0096A879 /* MoodLogViewController.swift */,
				6AC1826C214FFAAE0096A879 /* MoodLogTableViewCell.swift */,
			);
			path = MoodLog;
			sourceTree = "<group>";
		};
		6AC18270214FFADA0096A879 /* Moods */ = {
			isa = PBXGroup;
			children = (
				6AC18271214FFAFC0096A879 /* MoodsViewController.swift */,
				6AC18273214FFB0F0096A879 /* MoodsCollectionViewCell.swift */,
			);
			path = Moods;
			sourceTree = "<group>";
		};
		6AC18275215000600096A879 /* Models */ = {
			isa = PBXGroup;
			children = (
				6AC18276215000740096A879 /* Mood.swift */,
				6AC18278215002A10096A879 /* MoodLog.swift */,
			);
			path = Models;
			sourceTree = "<group>";
		};
/* End PBXGroup section */

/* Begin PBXNativeTarget section */
		6AC18246214FF7F50096A879 /* MoodTracker */ = {
			isa = PBXNativeTarget;
			buildConfigurationList = 6AC18264214FF7F80096A879 /* Build configuration list for PBXNativeTarget "MoodTracker" */;
			buildPhases = (
				6AC18243214FF7F50096A879 /* Sources */,
				6AC18244214FF7F50096A879 /* Frameworks */,
				6AC18245214FF7F50096A879 /* Resources */,
			);
			buildRules = (
			);
			dependencies = (
			);
			name = MoodTracker;
			productName = MoodTracker;
			productReference = 6AC18247214FF7F50096A879 /* MoodTracker.app */;
			productType = "com.apple.product-type.application";
		};
		6AC1825A214FF7F70096A879 /* MoodTrackerTests */ = {
			isa = PBXNativeTarget;
			buildConfigurationList = 6AC18267214FF7F80096A879 /* Build configuration list for PBXNativeTarget "MoodTrackerTests" */;
			buildPhases = (
				6AC18257214FF7F70096A879 /* Sources */,
				6AC18258214FF7F70096A879 /* Frameworks */,
				6AC18259214FF7F70096A879 /* Resources */,
			);
			buildRules = (
			);
			dependencies = (
				6AC1825D214FF7F70096A879 /* PBXTargetDependency */,
			);
			name = MoodTrackerTests;
			productName = MoodTrackerTests;
			productReference = 6AC1825B214FF7F70096A879 /* MoodTrackerTests.xctest */;
			productType = "com.apple.product-type.bundle.unit-test";
		};
/* End PBXNativeTarget section */

/* Begin PBXProject section */
		6AC1823F214FF7F50096A879 /* Project object */ = {
			isa = PBXProject;
			attributes = {
				LastSwiftUpdateCheck = 0940;
				LastUpgradeCheck = 0940;
				ORGANIZATIONNAME = "Emily Peregrine";
				TargetAttributes = {
					6AC18246214FF7F50096A879 = {
						CreatedOnToolsVersion = 9.4.1;
					};
					6AC1825A214FF7F70096A879 = {
						CreatedOnToolsVersion = 9.4.1;
						TestTargetID = 6AC18246214FF7F50096A879;
					};
				};
			};
			buildConfigurationList = 6AC18242214FF7F50096A879 /* Build configuration list for PBXProject "MoodTracker" */;
			compatibilityVersion = "Xcode 9.3";
			developmentRegion = en;
			hasScannedForEncodings = 0;
			knownRegions = (
				en,
				Base,
			);
			mainGroup = 6AC1823E214FF7F50096A879;
			productRefGroup = 6AC18248214FF7F50096A879 /* Products */;
			projectDirPath = "";
			projectRoot = "";
			targets = (
				6AC18246214FF7F50096A879 /* MoodTracker */,
				6AC1825A214FF7F70096A879 /* MoodTrackerTests */,
			);
		};
/* End PBXProject section */

/* Begin PBXResourcesBuildPhase section */
		6AC18245214FF7F50096A879 /* Resources */ = {
			isa = PBXResourcesBuildPhase;
			buildActionMask = 2147483647;
			files = (
				6AC18255214FF7F70096A879 /* LaunchScreen.storyboard in Resources */,
				6AC18252214FF7F70096A879 /* Assets.xcassets in Resources */,
				6AC18250214FF7F50096A879 /* Main.storyboard in Resources */,
			);
			runOnlyForDeploymentPostprocessing = 0;
		};
		6AC18259214FF7F70096A879 /* Resources */ = {
			isa = PBXResourcesBuildPhase;
			buildActionMask = 2147483647;
			files = (
			);
			runOnlyForDeploymentPostprocessing = 0;
		};
/* End PBXResourcesBuildPhase section */

/* Begin PBXSourcesBuildPhase section */
		6AC18243214FF7F50096A879 /* Sources */ = {
			isa = PBXSourcesBuildPhase;
			buildActionMask = 2147483647;
			files = (
				6A4FF1D4215101B200268526 /* MoodTracker.xcdatamodeld in Sources */,
				6AC1826B214FFA9B0096A879 /* MoodLogViewController.swift in Sources */,
				6AC18279215002A10096A879 /* MoodLog.swift in Sources */,
				6AC18272214FFAFC0096A879 /* MoodsViewController.swift in Sources */,
				6AC1826D214FFAAE0096A879 /* MoodLogTableViewCell.swift in Sources */,
				6AC18277215000740096A879 /* Mood.swift in Sources */,
				6AC1824D214FF7F50096A879 /* ViewController.swift in Sources */,
				6AC1824B214FF7F50096A879 /* AppDelegate.swift in Sources */,
				6AC18274214FFB0F0096A879 /* MoodsCollectionViewCell.swift in Sources */,
			);
			runOnlyForDeploymentPostprocessing = 0;
		};
		6AC18257214FF7F70096A879 /* Sources */ = {
			isa = PBXSourcesBuildPhase;
			buildActionMask = 2147483647;
			files = (
				6AC18260214FF7F70096A879 /* MoodTrackerTests.swift in Sources */,
			);
			runOnlyForDeploymentPostprocessing = 0;
		};
/* End PBXSourcesBuildPhase section */

/* Begin PBXTargetDependency section */
		6AC1825D214FF7F70096A879 /* PBXTargetDependency */ = {
			isa = PBXTargetDependency;
			target = 6AC18246214FF7F50096A879 /* MoodTracker */;
			targetProxy = 6AC1825C214FF7F70096A879 /* PBXContainerItemProxy */;
		};
/* End PBXTargetDependency section */

/* Begin PBXVariantGroup section */
		6AC1824E214FF7F50096A879 /* Main.storyboard */ = {
			isa = PBXVariantGroup;
			children = (
				6AC1824F214FF7F50096A879 /* Base */,
			);
			name = Main.storyboard;
			sourceTree = "<group>";
		};
		6AC18253214FF7F70096A879 /* LaunchScreen.storyboard */ = {
			isa = PBXVariantGroup;
			children = (
				6AC18254214FF7F70096A879 /* Base */,
			);
			name = LaunchScreen.storyboard;
			sourceTree = "<group>";
		};
/* End PBXVariantGroup section */

/* Begin XCBuildConfiguration section */
		6AC18262214FF7F80096A879 /* Debug */ = {
			isa = XCBuildConfiguration;
			buildSettings = {
				ALWAYS_SEARCH_USER_PATHS = NO;
				CLANG_ANALYZER_NONNULL = YES;
				CLANG_ANALYZER_NUMBER_OBJECT_CONVERSION = YES_AGGRESSIVE;
				CLANG_CXX_LANGUAGE_STANDARD = "gnu++14";
				CLANG_CXX_LIBRARY = "libc++";
				CLANG_ENABLE_MODULES = YES;
				CLANG_ENABLE_OBJC_ARC = YES;
				CLANG_ENABLE_OBJC_WEAK = YES;
				CLANG_WARN_BLOCK_CAPTURE_AUTORELEASING = YES;
				CLANG_WARN_BOOL_CONVERSION = YES;
				CLANG_WARN_COMMA = YES;
				CLANG_WARN_CONSTANT_CONVERSION = YES;
				CLANG_WARN_DEPRECATED_OBJC_IMPLEMENTATIONS = YES;
				CLANG_WARN_DIRECT_OBJC_ISA_USAGE = YES_ERROR;
				CLANG_WARN_DOCUMENTATION_COMMENTS = YES;
				CLANG_WARN_EMPTY_BODY = YES;
				CLANG_WARN_ENUM_CONVERSION = YES;
				CLANG_WARN_INFINITE_RECURSION = YES;
				CLANG_WARN_INT_CONVERSION = YES;
				CLANG_WARN_NON_LITERAL_NULL_CONVERSION = YES;
				CLANG_WARN_OBJC_IMPLICIT_RETAIN_SELF = YES;
				CLANG_WARN_OBJC_LITERAL_CONVERSION = YES;
				CLANG_WARN_OBJC_ROOT_CLASS = YES_ERROR;
				CLANG_WARN_RANGE_LOOP_ANALYSIS = YES;
				CLANG_WARN_STRICT_PROTOTYPES = YES;
				CLANG_WARN_SUSPICIOUS_MOVE = YES;
				CLANG_WARN_UNGUARDED_AVAILABILITY = YES_AGGRESSIVE;
				CLANG_WARN_UNREACHABLE_CODE = YES;
				CLANG_WARN__DUPLICATE_METHOD_MATCH = YES;
				CODE_SIGN_IDENTITY = "iPhone Developer";
				COPY_PHASE_STRIP = NO;
				DEBUG_INFORMATION_FORMAT = dwarf;
				ENABLE_STRICT_OBJC_MSGSEND = YES;
				ENABLE_TESTABILITY = YES;
				GCC_C_LANGUAGE_STANDARD = gnu11;
				GCC_DYNAMIC_NO_PIC = NO;
				GCC_NO_COMMON_BLOCKS = YES;
				GCC_OPTIMIZATION_LEVEL = 0;
				GCC_PREPROCESSOR_DEFINITIONS = (
					"DEBUG=1",
					"$(inherited)",
				);
				GCC_WARN_64_TO_32_BIT_CONVERSION = YES;
				GCC_WARN_ABOUT_RETURN_TYPE = YES_ERROR;
				GCC_WARN_UNDECLARED_SELECTOR = YES;
				GCC_WARN_UNINITIALIZED_AUTOS = YES_AGGRESSIVE;
				GCC_WARN_UNUSED_FUNCTION = YES;
				GCC_WARN_UNUSED_VARIABLE = YES;
				IPHONEOS_DEPLOYMENT_TARGET = 11.4;
				MTL_ENABLE_DEBUG_INFO = YES;
				ONLY_ACTIVE_ARCH = YES;
				SDKROOT = iphoneos;
				SWIFT_ACTIVE_COMPILATION_CONDITIONS = DEBUG;
				SWIFT_OPTIMIZATION_LEVEL = "-Onone";
			};
			name = Debug;
		};
		6AC18263214FF7F80096A879 /* Release */ = {
			isa = XCBuildConfiguration;
			buildSettings = {
				ALWAYS_SEARCH_USER_PATHS = NO;
				CLANG_ANALYZER_NONNULL = YES;
				CLANG_ANALYZER_NUMBER_OBJECT_CONVERSION = YES_AGGRESSIVE;
				CLANG_CXX_LANGUAGE_STANDARD = "gnu++14";
				CLANG_CXX_LIBRARY = "libc++";
				CLANG_ENABLE_MODULES = YES;
				CLANG_ENABLE_OBJC_ARC = YES;
				CLANG_ENABLE_OBJC_WEAK = YES;
				CLANG_WARN_BLOCK_CAPTURE_AUTORELEASING = YES;
				CLANG_WARN_BOOL_CONVERSION = YES;
				CLANG_WARN_COMMA = YES;
				CLANG_WARN_CONSTANT_CONVERSION = YES;
				CLANG_WARN_DEPRECATED_OBJC_IMPLEMENTATIONS = YES;
				CLANG_WARN_DIRECT_OBJC_ISA_USAGE = YES_ERROR;
				CLANG_WARN_DOCUMENTATION_COMMENTS = YES;
				CLANG_WARN_EMPTY_BODY = YES;
				CLANG_WARN_ENUM_CONVERSION = YES;
				CLANG_WARN_INFINITE_RECURSION = YES;
				CLANG_WARN_INT_CONVERSION = YES;
				CLANG_WARN_NON_LITERAL_NULL_CONVERSION = YES;
				CLANG_WARN_OBJC_IMPLICIT_RETAIN_SELF = YES;
				CLANG_WARN_OBJC_LITERAL_CONVERSION = YES;
				CLANG_WARN_OBJC_ROOT_CLASS = YES_ERROR;
				CLANG_WARN_RANGE_LOOP_ANALYSIS = YES;
				CLANG_WARN_STRICT_PROTOTYPES = YES;
				CLANG_WARN_SUSPICIOUS_MOVE = YES;
				CLANG_WARN_UNGUARDED_AVAILABILITY = YES_AGGRESSIVE;
				CLANG_WARN_UNREACHABLE_CODE = YES;
				CLANG_WARN__DUPLICATE_METHOD_MATCH = YES;
				CODE_SIGN_IDENTITY = "iPhone Developer";
				COPY_PHASE_STRIP = NO;
				DEBUG_INFORMATION_FORMAT = "dwarf-with-dsym";
				ENABLE_NS_ASSERTIONS = NO;
				ENABLE_STRICT_OBJC_MSGSEND = YES;
				GCC_C_LANGUAGE_STANDARD = gnu11;
				GCC_NO_COMMON_BLOCKS = YES;
				GCC_WARN_64_TO_32_BIT_CONVERSION = YES;
				GCC_WARN_ABOUT_RETURN_TYPE = YES_ERROR;
				GCC_WARN_UNDECLARED_SELECTOR = YES;
				GCC_WARN_UNINITIALIZED_AUTOS = YES_AGGRESSIVE;
				GCC_WARN_UNUSED_FUNCTION = YES;
				GCC_WARN_UNUSED_VARIABLE = YES;
				IPHONEOS_DEPLOYMENT_TARGET = 11.4;
				MTL_ENABLE_DEBUG_INFO = NO;
				SDKROOT = iphoneos;
				SWIFT_COMPILATION_MODE = wholemodule;
				SWIFT_OPTIMIZATION_LEVEL = "-O";
				VALIDATE_PRODUCT = YES;
			};
			name = Release;
		};
		6AC18265214FF7F80096A879 /* Debug */ = {
			isa = XCBuildConfiguration;
			buildSettings = {
				ASSETCATALOG_COMPILER_APPICON_NAME = AppIcon;
				CODE_SIGN_STYLE = Automatic;
				DEVELOPMENT_TEAM = SHMMFJ7N9P;
				INFOPLIST_FILE = MoodTracker/Info.plist;
				LD_RUNPATH_SEARCH_PATHS = (
					"$(inherited)",
					"@executable_path/Frameworks",
				);
				PRODUCT_BUNDLE_IDENTIFIER = com.emilyperegrine.MoodTracker;
				PRODUCT_NAME = "$(TARGET_NAME)";
				SWIFT_VERSION = 4.0;
				TARGETED_DEVICE_FAMILY = "1,2";
			};
			name = Debug;
		};
		6AC18266214FF7F80096A879 /* Release */ = {
			isa = XCBuildConfiguration;
			buildSettings = {
				ASSETCATALOG_COMPILER_APPICON_NAME = AppIcon;
				CODE_SIGN_STYLE = Automatic;
				DEVELOPMENT_TEAM = SHMMFJ7N9P;
				INFOPLIST_FILE = MoodTracker/Info.plist;
				LD_RUNPATH_SEARCH_PATHS = (
					"$(inherited)",
					"@executable_path/Frameworks",
				);
				PRODUCT_BUNDLE_IDENTIFIER = com.emilyperegrine.MoodTracker;
				PRODUCT_NAME = "$(TARGET_NAME)";
				SWIFT_VERSION = 4.0;
				TARGETED_DEVICE_FAMILY = "1,2";
			};
			name = Release;
		};
		6AC18268214FF7F80096A879 /* Debug */ = {
			isa = XCBuildConfiguration;
			buildSettings = {
				ALWAYS_EMBED_SWIFT_STANDARD_LIBRARIES = YES;
				BUNDLE_LOADER = "$(TEST_HOST)";
				CODE_SIGN_STYLE = Automatic;
				DEVELOPMENT_TEAM = SHMMFJ7N9P;
				INFOPLIST_FILE = MoodTrackerTests/Info.plist;
				LD_RUNPATH_SEARCH_PATHS = (
					"$(inherited)",
					"@executable_path/Frameworks",
					"@loader_path/Frameworks",
				);
				PRODUCT_BUNDLE_IDENTIFIER = com.emilyperegrine.MoodTrackerTests;
				PRODUCT_NAME = "$(TARGET_NAME)";
				SWIFT_VERSION = 4.0;
				TARGETED_DEVICE_FAMILY = "1,2";
				TEST_HOST = "$(BUILT_PRODUCTS_DIR)/MoodTracker.app/MoodTracker";
			};
			name = Debug;
		};
		6AC18269214FF7F80096A879 /* Release */ = {
			isa = XCBuildConfiguration;
			buildSettings = {
				ALWAYS_EMBED_SWIFT_STANDARD_LIBRARIES = YES;
				BUNDLE_LOADER = "$(TEST_HOST)";
				CODE_SIGN_STYLE = Automatic;
				DEVELOPMENT_TEAM = SHMMFJ7N9P;
				INFOPLIST_FILE = MoodTrackerTests/Info.plist;
				LD_RUNPATH_SEARCH_PATHS = (
					"$(inherited)",
					"@executable_path/Frameworks",
					"@loader_path/Frameworks",
				);
				PRODUCT_BUNDLE_IDENTIFIER = com.emilyperegrine.MoodTrackerTests;
				PRODUCT_NAME = "$(TARGET_NAME)";
				SWIFT_VERSION = 4.0;
				TARGETED_DEVICE_FAMILY = "1,2";
				TEST_HOST = "$(BUILT_PRODUCTS_DIR)/MoodTracker.app/MoodTracker";
			};
			name = Release;
		};
/* End XCBuildConfiguration section */

/* Begin XCConfigurationList section */
		6AC18242214FF7F50096A879 /* Build configuration list for PBXProject "MoodTracker" */ = {
			isa = XCConfigurationList;
			buildConfigurations = (
				6AC18262214FF7F80096A879 /* Debug */,
				6AC18263214FF7F80096A879 /* Release */,
			);
			defaultConfigurationIsVisible = 0;
			defaultConfigurationName = Release;
		};
		6AC18264214FF7F80096A879 /* Build configuration list for PBXNativeTarget "MoodTracker" */ = {
			isa = XCConfigurationList;
			buildConfigurations = (
				6AC18265214FF7F80096A879 /* Debug */,
				6AC18266214FF7F80096A879 /* Release */,
			);
			defaultConfigurationIsVisible = 0;
			defaultConfigurationName = Release;
		};
		6AC18267214FF7F80096A879 /* Build configuration list for PBXNativeTarget "MoodTrackerTests" */ = {
			isa = XCConfigurationList;
			buildConfigurations = (
				6AC18268214FF7F80096A879 /* Debug */,
				6AC18269214FF7F80096A879 /* Release */,
			);
			defaultConfigurationIsVisible = 0;
			defaultConfigurationName = Release;
		};
/* End XCConfigurationList section */

/* Begin XCVersionGroup section */
		6A4FF1D2215101B200268526 /* MoodTracker.xcdatamodeld */ = {
			isa = XCVersionGroup;
			children = (
				6A4FF1D3215101B200268526 /* MoodTracker.xcdatamodel */,
			);
			currentVersion = 6A4FF1D3215101B200268526 /* MoodTracker.xcdatamodel */;
			path = MoodTracker.xcdatamodeld;
			sourceTree = "<group>";
			versionGroupType = wrapper.xcdatamodel;
		};
/* End XCVersionGroup section */
	};
	rootObject = 6AC1823F214FF7F50096A879 /* Project object */;
}
